// !$*UTF8*$!
{
	archiveVersion = 1;
	classes = {
	};
	objectVersion = 56;
	objects = {

/* Begin PBXBuildFile section */
		1645716E2BD7B74A00855DDF /* DoctorModel.swift in Sources */ = {isa = PBXBuildFile; fileRef = 1645716C2BD7B74A00855DDF /* DoctorModel.swift */; };
		1645716F2BD7B74A00855DDF /* PatientModel.swift in Sources */ = {isa = PBXBuildFile; fileRef = 1645716D2BD7B74A00855DDF /* PatientModel.swift */; };
		164571AD2BD9076300855DDF /* DAddView.swift in Sources */ = {isa = PBXBuildFile; fileRef = 164571AC2BD9076300855DDF /* DAddView.swift */; };
		164571B12BD9240C00855DDF /* AdminHome.swift in Sources */ = {isa = PBXBuildFile; fileRef = 164571B02BD9240C00855DDF /* AdminHome.swift */; };
		164571B32BDA0CD000855DDF /* DoctorHome.swift in Sources */ = {isa = PBXBuildFile; fileRef = 164571B22BDA0CD000855DDF /* DoctorHome.swift */; };
		164571B52BDA0CEE00855DDF /* HealthEvents.swift in Sources */ = {isa = PBXBuildFile; fileRef = 164571B42BDA0CEE00855DDF /* HealthEvents.swift */; };
		164571CF2BDA497A00855DDF /* StaffInfoView.swift in Sources */ = {isa = PBXBuildFile; fileRef = 2723C01B2BDA18D90069BB71 /* StaffInfoView.swift */; };
		2DAC00532BD78B180080098C /* LoginView.swift in Sources */ = {isa = PBXBuildFile; fileRef = 2DAC00522BD78B180080098C /* LoginView.swift */; };
		2DAC00552BD78B450080098C /* InputFieldView.swift in Sources */ = {isa = PBXBuildFile; fileRef = 2DAC00542BD78B450080098C /* InputFieldView.swift */; };
		2DAC00572BD78B6E0080098C /* phoneVerificationView.swift in Sources */ = {isa = PBXBuildFile; fileRef = 2DAC00562BD78B6E0080098C /* phoneVerificationView.swift */; };
		2DAC00592BD78B8D0080098C /* PdetailView.swift in Sources */ = {isa = PBXBuildFile; fileRef = 2DAC00582BD78B8D0080098C /* PdetailView.swift */; };
		2DAC005B2BD78BCC0080098C /* SignUpView.swift in Sources */ = {isa = PBXBuildFile; fileRef = 2DAC005A2BD78BCC0080098C /* SignUpView.swift */; };
		41149EFE2BD63E9000E32FD7 /* DataModel.swift in Sources */ = {isa = PBXBuildFile; fileRef = 41149EFD2BD63E9000E32FD7 /* DataModel.swift */; };
		41149F022BD63EA200E32FD7 /* Patient.swift in Sources */ = {isa = PBXBuildFile; fileRef = 41149F012BD63EA200E32FD7 /* Patient.swift */; };
		41149F062BD63EAF00E32FD7 /* Doc.swift in Sources */ = {isa = PBXBuildFile; fileRef = 41149F052BD63EAF00E32FD7 /* Doc.swift */; };
		412405D92BD9053A00C6482E /* .gitignore in Resources */ = {isa = PBXBuildFile; fileRef = 412405D82BD9053900C6482E /* .gitignore */; };
		413A15E12BD0F6330035CDAB /* HMSApp.swift in Sources */ = {isa = PBXBuildFile; fileRef = 413A15E02BD0F6330035CDAB /* HMSApp.swift */; };
		413A15E32BD0F6330035CDAB /* ContentView.swift in Sources */ = {isa = PBXBuildFile; fileRef = 413A15E22BD0F6330035CDAB /* ContentView.swift */; };
		413A15E52BD0F6340035CDAB /* Assets.xcassets in Resources */ = {isa = PBXBuildFile; fileRef = 413A15E42BD0F6340035CDAB /* Assets.xcassets */; };
		413A15E82BD0F6340035CDAB /* Preview Assets.xcassets in Resources */ = {isa = PBXBuildFile; fileRef = 413A15E72BD0F6340035CDAB /* Preview Assets.xcassets */; };
		41CC4BFE2BDA307E00BE8EE5 /* FirebaseAnalytics in Frameworks */ = {isa = PBXBuildFile; productRef = 416C8E572BD7BCF300309235 /* FirebaseAnalytics */; };
		41CC4BFF2BDA307E00BE8EE5 /* FirebaseAnalytics in Frameworks */ = {isa = PBXBuildFile; productRef = 2723BFFC2BDA11220069BB71 /* FirebaseAnalytics */; };
		41CC4C002BDA307E00BE8EE5 /* FirebaseAnalyticsOnDeviceConversion in Frameworks */ = {isa = PBXBuildFile; productRef = 2723BFFE2BDA11220069BB71 /* FirebaseAnalyticsOnDeviceConversion */; };
		41CC4C012BDA307E00BE8EE5 /* FirebaseAnalyticsSwift in Frameworks */ = {isa = PBXBuildFile; productRef = 2723C0002BDA11220069BB71 /* FirebaseAnalyticsSwift */; };
		41CC4C022BDA307E00BE8EE5 /* FirebaseAnalyticsWithoutAdIdSupport in Frameworks */ = {isa = PBXBuildFile; productRef = 2723C0022BDA11220069BB71 /* FirebaseAnalyticsWithoutAdIdSupport */; };
		41CC4C032BDA307E00BE8EE5 /* FirebaseAppCheck in Frameworks */ = {isa = PBXBuildFile; productRef = 2723C0042BDA11220069BB71 /* FirebaseAppCheck */; };
		41CC4C042BDA307E00BE8EE5 /* FirebaseAppDistribution-Beta in Frameworks */ = {isa = PBXBuildFile; productRef = 2723C0062BDA11220069BB71 /* FirebaseAppDistribution-Beta */; };
		41CC4C052BDA307E00BE8EE5 /* FirebaseAuthCombine-Community in Frameworks */ = {isa = PBXBuildFile; productRef = 2723C0082BDA11220069BB71 /* FirebaseAuthCombine-Community */; };
		41CC4C062BDA307E00BE8EE5 /* FirebaseCrashlytics in Frameworks */ = {isa = PBXBuildFile; productRef = 2723C00A2BDA11220069BB71 /* FirebaseCrashlytics */; };
		41CC4C072BDA307E00BE8EE5 /* FirebaseDatabase in Frameworks */ = {isa = PBXBuildFile; productRef = 2723C00C2BDA11220069BB71 /* FirebaseDatabase */; };
		41CC4C082BDA307E00BE8EE5 /* FirebaseDatabaseSwift in Frameworks */ = {isa = PBXBuildFile; productRef = 2723C00E2BDA11220069BB71 /* FirebaseDatabaseSwift */; };
		41CC4C092BDA307E00BE8EE5 /* FirebaseDynamicLinks in Frameworks */ = {isa = PBXBuildFile; productRef = 2723C0102BDA11220069BB71 /* FirebaseDynamicLinks */; };
		41CC4C0A2BDA307E00BE8EE5 /* FirebaseFirestoreCombine-Community in Frameworks */ = {isa = PBXBuildFile; productRef = 2723C0122BDA11220069BB71 /* FirebaseFirestoreCombine-Community */; };
		41CC4C0B2BDA307E00BE8EE5 /* FirebaseFirestoreSwift in Frameworks */ = {isa = PBXBuildFile; productRef = 2723C0142BDA11220069BB71 /* FirebaseFirestoreSwift */; };
		41CC4C0C2BDA307E00BE8EE5 /* FirebaseFunctions in Frameworks */ = {isa = PBXBuildFile; productRef = 2723C0162BDA11220069BB71 /* FirebaseFunctions */; };
		41CC4C0D2BDA307E00BE8EE5 /* FirebaseStorageCombine-Community in Frameworks */ = {isa = PBXBuildFile; productRef = 2723C0182BDA11220069BB71 /* FirebaseStorageCombine-Community */; };
		41CC4C112BDA315E00BE8EE5 /* Admin.swift in Sources */ = {isa = PBXBuildFile; fileRef = 41CC4C102BDA315E00BE8EE5 /* Admin.swift */; };
		6B14B04D2BD68CB1004F0B78 /* PatientHomeScreen.swift in Sources */ = {isa = PBXBuildFile; fileRef = 6B14B04C2BD68CB1004F0B78 /* PatientHomeScreen.swift */; };
		6B14B04F2BD6CCA9004F0B78 /* VitalsHeartView.swift in Sources */ = {isa = PBXBuildFile; fileRef = 6B14B04E2BD6CCA9004F0B78 /* VitalsHeartView.swift */; };
		6B14B0512BD6CF37004F0B78 /* VitalsSPO2View.swift in Sources */ = {isa = PBXBuildFile; fileRef = 6B14B0502BD6CF37004F0B78 /* VitalsSPO2View.swift */; };
		6B5FFCD02BD63F7D00224FC2 /* DoctorInfoAppointmentTab.swift in Sources */ = {isa = PBXBuildFile; fileRef = 6B5FFCCF2BD63F7D00224FC2 /* DoctorInfoAppointmentTab.swift */; };
		6BD105862BD6560100506D84 /* HealthEventTab.swift in Sources */ = {isa = PBXBuildFile; fileRef = 6BD105852BD6560100506D84 /* HealthEventTab.swift */; };
		8414566F2BD9109A00691A79 /* DoctorProfileView.swift in Sources */ = {isa = PBXBuildFile; fileRef = 8414566D2BD9109A00691A79 /* DoctorProfileView.swift */; };
		841456702BD9109A00691A79 /* DoctorList.swift in Sources */ = {isa = PBXBuildFile; fileRef = 8414566E2BD9109A00691A79 /* DoctorList.swift */; };
		E437886E2BDA4E6A00EE6EDF /* SplashScreen.swift in Sources */ = {isa = PBXBuildFile; fileRef = E437886D2BDA4E6A00EE6EDF /* SplashScreen.swift */; };
		E43788702BDA4E9A00EE6EDF /* OnBoarding.swift in Sources */ = {isa = PBXBuildFile; fileRef = E437886F2BDA4E9A00EE6EDF /* OnBoarding.swift */; };
		E43788722BDA4EC300EE6EDF /* PageModel.swift in Sources */ = {isa = PBXBuildFile; fileRef = E43788712BDA4EC300EE6EDF /* PageModel.swift */; };
		E43788742BDA4EDF00EE6EDF /* PageView.swift in Sources */ = {isa = PBXBuildFile; fileRef = E43788732BDA4EDF00EE6EDF /* PageView.swift */; };
		E46B50D82BD76D12007A57F5 /* SlotBookView.swift in Sources */ = {isa = PBXBuildFile; fileRef = E46B50D72BD76D12007A57F5 /* SlotBookView.swift */; };
		F597B4462BDBE02300FEF4E1 /* GoogleService-Info.plist in Resources */ = {isa = PBXBuildFile; fileRef = F597B4452BDBE02300FEF4E1 /* GoogleService-Info.plist */; };
		F5A456262BD90AA00068A069 /* vitals.swift in Sources */ = {isa = PBXBuildFile; fileRef = F5A456252BD90AA00068A069 /* vitals.swift */; };
		F5A456602BD91AEE0068A069 /* Appointment-Manage.swift in Sources */ = {isa = PBXBuildFile; fileRef = F5A4565F2BD91AEE0068A069 /* Appointment-Manage.swift */; };
		F5A456622BD91B000068A069 /* appointments-upcoming.swift in Sources */ = {isa = PBXBuildFile; fileRef = F5A456612BD91B000068A069 /* appointments-upcoming.swift */; };
		F5A456642BD97DFB0068A069 /* appo-completed.swift in Sources */ = {isa = PBXBuildFile; fileRef = F5A456632BD97DFB0068A069 /* appo-completed.swift */; };
		F5A456662BD988F50068A069 /* appo-cancelled.swift in Sources */ = {isa = PBXBuildFile; fileRef = F5A456652BD988F50068A069 /* appo-cancelled.swift */; };
/* End PBXBuildFile section */

/* Begin PBXFileReference section */
		1645716C2BD7B74A00855DDF /* DoctorModel.swift */ = {isa = PBXFileReference; fileEncoding = 4; lastKnownFileType = sourcecode.swift; path = DoctorModel.swift; sourceTree = "<group>"; };
		1645716D2BD7B74A00855DDF /* PatientModel.swift */ = {isa = PBXFileReference; fileEncoding = 4; lastKnownFileType = sourcecode.swift; path = PatientModel.swift; sourceTree = "<group>"; };
		164571AC2BD9076300855DDF /* DAddView.swift */ = {isa = PBXFileReference; lastKnownFileType = sourcecode.swift; path = DAddView.swift; sourceTree = "<group>"; };
		164571B02BD9240C00855DDF /* AdminHome.swift */ = {isa = PBXFileReference; lastKnownFileType = sourcecode.swift; path = AdminHome.swift; sourceTree = "<group>"; };
		164571B22BDA0CD000855DDF /* DoctorHome.swift */ = {isa = PBXFileReference; lastKnownFileType = sourcecode.swift; path = DoctorHome.swift; sourceTree = "<group>"; };
		164571B42BDA0CEE00855DDF /* HealthEvents.swift */ = {isa = PBXFileReference; lastKnownFileType = sourcecode.swift; path = HealthEvents.swift; sourceTree = "<group>"; };
		2723C01B2BDA18D90069BB71 /* StaffInfoView.swift */ = {isa = PBXFileReference; lastKnownFileType = sourcecode.swift; path = StaffInfoView.swift; sourceTree = "<group>"; };
		2DAC00522BD78B180080098C /* LoginView.swift */ = {isa = PBXFileReference; lastKnownFileType = sourcecode.swift; path = LoginView.swift; sourceTree = "<group>"; };
		2DAC00542BD78B450080098C /* InputFieldView.swift */ = {isa = PBXFileReference; lastKnownFileType = sourcecode.swift; path = InputFieldView.swift; sourceTree = "<group>"; };
		2DAC00562BD78B6E0080098C /* phoneVerificationView.swift */ = {isa = PBXFileReference; lastKnownFileType = sourcecode.swift; path = phoneVerificationView.swift; sourceTree = "<group>"; };
		2DAC00582BD78B8D0080098C /* PdetailView.swift */ = {isa = PBXFileReference; lastKnownFileType = sourcecode.swift; path = PdetailView.swift; sourceTree = "<group>"; };
		2DAC005A2BD78BCC0080098C /* SignUpView.swift */ = {isa = PBXFileReference; lastKnownFileType = sourcecode.swift; path = SignUpView.swift; sourceTree = "<group>"; };
		41149EFD2BD63E9000E32FD7 /* DataModel.swift */ = {isa = PBXFileReference; lastKnownFileType = sourcecode.swift; path = DataModel.swift; sourceTree = "<group>"; };
		41149F012BD63EA200E32FD7 /* Patient.swift */ = {isa = PBXFileReference; lastKnownFileType = sourcecode.swift; path = Patient.swift; sourceTree = "<group>"; };
		41149F052BD63EAF00E32FD7 /* Doc.swift */ = {isa = PBXFileReference; lastKnownFileType = sourcecode.swift; path = Doc.swift; sourceTree = "<group>"; };
		412405D82BD9053900C6482E /* .gitignore */ = {isa = PBXFileReference; fileEncoding = 4; lastKnownFileType = text; path = .gitignore; sourceTree = "<group>"; };
		413A15DD2BD0F6330035CDAB /* HMS.app */ = {isa = PBXFileReference; explicitFileType = wrapper.application; includeInIndex = 0; path = HMS.app; sourceTree = BUILT_PRODUCTS_DIR; };
		413A15E02BD0F6330035CDAB /* HMSApp.swift */ = {isa = PBXFileReference; lastKnownFileType = sourcecode.swift; path = HMSApp.swift; sourceTree = "<group>"; };
		413A15E22BD0F6330035CDAB /* ContentView.swift */ = {isa = PBXFileReference; lastKnownFileType = sourcecode.swift; path = ContentView.swift; sourceTree = "<group>"; };
		413A15E42BD0F6340035CDAB /* Assets.xcassets */ = {isa = PBXFileReference; lastKnownFileType = folder.assetcatalog; path = Assets.xcassets; sourceTree = "<group>"; };
		413A15E72BD0F6340035CDAB /* Preview Assets.xcassets */ = {isa = PBXFileReference; lastKnownFileType = folder.assetcatalog; path = "Preview Assets.xcassets"; sourceTree = "<group>"; };
		41CC4C102BDA315E00BE8EE5 /* Admin.swift */ = {isa = PBXFileReference; lastKnownFileType = sourcecode.swift; path = Admin.swift; sourceTree = "<group>"; };
		6B14B04C2BD68CB1004F0B78 /* PatientHomeScreen.swift */ = {isa = PBXFileReference; lastKnownFileType = sourcecode.swift; path = PatientHomeScreen.swift; sourceTree = "<group>"; };
		6B14B04E2BD6CCA9004F0B78 /* VitalsHeartView.swift */ = {isa = PBXFileReference; lastKnownFileType = sourcecode.swift; path = VitalsHeartView.swift; sourceTree = "<group>"; };
		6B14B0502BD6CF37004F0B78 /* VitalsSPO2View.swift */ = {isa = PBXFileReference; lastKnownFileType = sourcecode.swift; path = VitalsSPO2View.swift; sourceTree = "<group>"; };
		6B5FFCCF2BD63F7D00224FC2 /* DoctorInfoAppointmentTab.swift */ = {isa = PBXFileReference; lastKnownFileType = sourcecode.swift; path = DoctorInfoAppointmentTab.swift; sourceTree = "<group>"; };
		6BD105852BD6560100506D84 /* HealthEventTab.swift */ = {isa = PBXFileReference; lastKnownFileType = sourcecode.swift; path = HealthEventTab.swift; sourceTree = "<group>"; };
		8414566D2BD9109A00691A79 /* DoctorProfileView.swift */ = {isa = PBXFileReference; fileEncoding = 4; lastKnownFileType = sourcecode.swift; path = DoctorProfileView.swift; sourceTree = "<group>"; };
		8414566E2BD9109A00691A79 /* DoctorList.swift */ = {isa = PBXFileReference; fileEncoding = 4; lastKnownFileType = sourcecode.swift; path = DoctorList.swift; sourceTree = "<group>"; };
		E437886D2BDA4E6A00EE6EDF /* SplashScreen.swift */ = {isa = PBXFileReference; lastKnownFileType = sourcecode.swift; path = SplashScreen.swift; sourceTree = "<group>"; };
		E437886F2BDA4E9A00EE6EDF /* OnBoarding.swift */ = {isa = PBXFileReference; lastKnownFileType = sourcecode.swift; path = OnBoarding.swift; sourceTree = "<group>"; };
		E43788712BDA4EC300EE6EDF /* PageModel.swift */ = {isa = PBXFileReference; lastKnownFileType = sourcecode.swift; path = PageModel.swift; sourceTree = "<group>"; };
		E43788732BDA4EDF00EE6EDF /* PageView.swift */ = {isa = PBXFileReference; lastKnownFileType = sourcecode.swift; path = PageView.swift; sourceTree = "<group>"; };
		E46B50D72BD76D12007A57F5 /* SlotBookView.swift */ = {isa = PBXFileReference; lastKnownFileType = sourcecode.swift; path = SlotBookView.swift; sourceTree = "<group>"; };
		F597B4452BDBE02300FEF4E1 /* GoogleService-Info.plist */ = {isa = PBXFileReference; fileEncoding = 4; lastKnownFileType = text.plist.xml; path = "GoogleService-Info.plist"; sourceTree = "<group>"; };
		F5A456252BD90AA00068A069 /* vitals.swift */ = {isa = PBXFileReference; fileEncoding = 4; lastKnownFileType = sourcecode.swift; path = vitals.swift; sourceTree = "<group>"; };
		F5A456272BD90AC80068A069 /* HMS.entitlements */ = {isa = PBXFileReference; lastKnownFileType = text.plist.entitlements; path = HMS.entitlements; sourceTree = "<group>"; };
		F5A4565F2BD91AEE0068A069 /* Appointment-Manage.swift */ = {isa = PBXFileReference; fileEncoding = 4; lastKnownFileType = sourcecode.swift; path = "Appointment-Manage.swift"; sourceTree = "<group>"; };
		F5A456612BD91B000068A069 /* appointments-upcoming.swift */ = {isa = PBXFileReference; fileEncoding = 4; lastKnownFileType = sourcecode.swift; path = "appointments-upcoming.swift"; sourceTree = "<group>"; };
		F5A456632BD97DFB0068A069 /* appo-completed.swift */ = {isa = PBXFileReference; lastKnownFileType = sourcecode.swift; path = "appo-completed.swift"; sourceTree = "<group>"; };
		F5A456652BD988F50068A069 /* appo-cancelled.swift */ = {isa = PBXFileReference; lastKnownFileType = sourcecode.swift; path = "appo-cancelled.swift"; sourceTree = "<group>"; };
/* End PBXFileReference section */

/* Begin PBXFrameworksBuildPhase section */
		413A15DA2BD0F6330035CDAB /* Frameworks */ = {
			isa = PBXFrameworksBuildPhase;
			buildActionMask = 2147483647;
			files = (
				41CC4C0D2BDA307E00BE8EE5 /* FirebaseStorageCombine-Community in Frameworks */,
				41CC4C0C2BDA307E00BE8EE5 /* FirebaseFunctions in Frameworks */,
				41CC4C0B2BDA307E00BE8EE5 /* FirebaseFirestoreSwift in Frameworks */,
				41CC4C0A2BDA307E00BE8EE5 /* FirebaseFirestoreCombine-Community in Frameworks */,
				41CC4C092BDA307E00BE8EE5 /* FirebaseDynamicLinks in Frameworks */,
				41CC4C082BDA307E00BE8EE5 /* FirebaseDatabaseSwift in Frameworks */,
				41CC4C072BDA307E00BE8EE5 /* FirebaseDatabase in Frameworks */,
				41CC4C062BDA307E00BE8EE5 /* FirebaseCrashlytics in Frameworks */,
				41CC4C052BDA307E00BE8EE5 /* FirebaseAuthCombine-Community in Frameworks */,
				41CC4C042BDA307E00BE8EE5 /* FirebaseAppDistribution-Beta in Frameworks */,
				41CC4C032BDA307E00BE8EE5 /* FirebaseAppCheck in Frameworks */,
				41CC4C022BDA307E00BE8EE5 /* FirebaseAnalyticsWithoutAdIdSupport in Frameworks */,
				41CC4C012BDA307E00BE8EE5 /* FirebaseAnalyticsSwift in Frameworks */,
				41CC4C002BDA307E00BE8EE5 /* FirebaseAnalyticsOnDeviceConversion in Frameworks */,
				41CC4BFF2BDA307E00BE8EE5 /* FirebaseAnalytics in Frameworks */,
				41CC4BFE2BDA307E00BE8EE5 /* FirebaseAnalytics in Frameworks */,
			);
			runOnlyForDeploymentPostprocessing = 0;
		};
/* End PBXFrameworksBuildPhase section */

/* Begin PBXGroup section */
		41149EF62BD6348D00E32FD7 /* DataModels */ = {
			isa = PBXGroup;
			children = (
				1645716C2BD7B74A00855DDF /* DoctorModel.swift */,
				1645716D2BD7B74A00855DDF /* PatientModel.swift */,
				41149EFD2BD63E9000E32FD7 /* DataModel.swift */,
			);
			path = DataModels;
			sourceTree = "<group>";
		};
		41149EF72BD6349700E32FD7 /* Admin */ = {
			isa = PBXGroup;
			children = (
				2723C01B2BDA18D90069BB71 /* StaffInfoView.swift */,
				164571AC2BD9076300855DDF /* DAddView.swift */,
				164571B02BD9240C00855DDF /* AdminHome.swift */,
				41CC4C102BDA315E00BE8EE5 /* Admin.swift */,
			);
			path = Admin;
			sourceTree = "<group>";
		};
		41149EF82BD6349F00E32FD7 /* Patient */ = {
			isa = PBXGroup;
			children = (
				8414566E2BD9109A00691A79 /* DoctorList.swift */,
				8414566D2BD9109A00691A79 /* DoctorProfileView.swift */,
				41149F012BD63EA200E32FD7 /* Patient.swift */,
				E46B50D72BD76D12007A57F5 /* SlotBookView.swift */,
				6B14B04C2BD68CB1004F0B78 /* PatientHomeScreen.swift */,
				F5A4565F2BD91AEE0068A069 /* Appointment-Manage.swift */,
				F5A456632BD97DFB0068A069 /* appo-completed.swift */,
				F5A456652BD988F50068A069 /* appo-cancelled.swift */,
				F5A456612BD91B000068A069 /* appointments-upcoming.swift */,
				6B5FFCCE2BD63F4C00224FC2 /* Patient Components */,
			);
			path = Patient;
			sourceTree = "<group>";
		};
		41149EF92BD634A700E32FD7 /* Login */ = {
			isa = PBXGroup;
			children = (
				2DAC00542BD78B450080098C /* InputFieldView.swift */,
				2DAC00522BD78B180080098C /* LoginView.swift */,
				2DAC00562BD78B6E0080098C /* phoneVerificationView.swift */,
				2DAC005A2BD78BCC0080098C /* SignUpView.swift */,
				2DAC00582BD78B8D0080098C /* PdetailView.swift */,
			);
			path = Login;
			sourceTree = "<group>";
		};
		41149EFA2BD634AD00E32FD7 /* Doctor */ = {
			isa = PBXGroup;
			children = (
				41149F052BD63EAF00E32FD7 /* Doc.swift */,
				164571B22BDA0CD000855DDF /* DoctorHome.swift */,
				164571B42BDA0CEE00855DDF /* HealthEvents.swift */,
			);
			path = Doctor;
			sourceTree = "<group>";
		};
		413A15D42BD0F6330035CDAB = {
			isa = PBXGroup;
			children = (
				412405D82BD9053900C6482E /* .gitignore */,
				413A15DF2BD0F6330035CDAB /* HMS */,
				413A15DE2BD0F6330035CDAB /* Products */,
				416C8E552BD7BC6B00309235 /* Frameworks */,
			);
			sourceTree = "<group>";
		};
		413A15DE2BD0F6330035CDAB /* Products */ = {
			isa = PBXGroup;
			children = (
				413A15DD2BD0F6330035CDAB /* HMS.app */,
			);
			name = Products;
			sourceTree = "<group>";
		};
		413A15DF2BD0F6330035CDAB /* HMS */ = {
			isa = PBXGroup;
			children = (
				F597B4452BDBE02300FEF4E1 /* GoogleService-Info.plist */,
				F5A456272BD90AC80068A069 /* HMS.entitlements */,
				41149EFA2BD634AD00E32FD7 /* Doctor */,
				41149EF92BD634A700E32FD7 /* Login */,
				41149EF82BD6349F00E32FD7 /* Patient */,
				41149EF72BD6349700E32FD7 /* Admin */,
				41149EF62BD6348D00E32FD7 /* DataModels */,
				413A15E02BD0F6330035CDAB /* HMSApp.swift */,
				413A15E22BD0F6330035CDAB /* ContentView.swift */,
				413A15E42BD0F6340035CDAB /* Assets.xcassets */,
				413A15E62BD0F6340035CDAB /* Preview Content */,
				E437886D2BDA4E6A00EE6EDF /* SplashScreen.swift */,
				E437886F2BDA4E9A00EE6EDF /* OnBoarding.swift */,
				E43788712BDA4EC300EE6EDF /* PageModel.swift */,
				E43788732BDA4EDF00EE6EDF /* PageView.swift */,
			);
			path = HMS;
			sourceTree = "<group>";
		};
		413A15E62BD0F6340035CDAB /* Preview Content */ = {
			isa = PBXGroup;
			children = (
				413A15E72BD0F6340035CDAB /* Preview Assets.xcassets */,
			);
			path = "Preview Content";
			sourceTree = "<group>";
		};
		416C8E552BD7BC6B00309235 /* Frameworks */ = {
			isa = PBXGroup;
			children = (
			);
			name = Frameworks;
			sourceTree = "<group>";
		};
		6B5FFCCE2BD63F4C00224FC2 /* Patient Components */ = {
			isa = PBXGroup;
			children = (
				6B5FFCCF2BD63F7D00224FC2 /* DoctorInfoAppointmentTab.swift */,
				6BD105852BD6560100506D84 /* HealthEventTab.swift */,
				6B14B04E2BD6CCA9004F0B78 /* VitalsHeartView.swift */,
				6B14B0502BD6CF37004F0B78 /* VitalsSPO2View.swift */,
				F5A456252BD90AA00068A069 /* vitals.swift */,
			);
			path = "Patient Components";
			sourceTree = "<group>";
		};
/* End PBXGroup section */

/* Begin PBXNativeTarget section */
		413A15DC2BD0F6330035CDAB /* HMS */ = {
			isa = PBXNativeTarget;
			buildConfigurationList = 413A15EB2BD0F6340035CDAB /* Build configuration list for PBXNativeTarget "HMS" */;
			buildPhases = (
				413A15D92BD0F6330035CDAB /* Sources */,
				413A15DA2BD0F6330035CDAB /* Frameworks */,
				413A15DB2BD0F6330035CDAB /* Resources */,
			);
			buildRules = (
			);
			dependencies = (
			);
			name = HMS;
			packageProductDependencies = (
				416C8E572BD7BCF300309235 /* FirebaseAnalytics */,
				2723BFFC2BDA11220069BB71 /* FirebaseAnalytics */,
				2723BFFE2BDA11220069BB71 /* FirebaseAnalyticsOnDeviceConversion */,
				2723C0002BDA11220069BB71 /* FirebaseAnalyticsSwift */,
				2723C0022BDA11220069BB71 /* FirebaseAnalyticsWithoutAdIdSupport */,
				2723C0042BDA11220069BB71 /* FirebaseAppCheck */,
				2723C0062BDA11220069BB71 /* FirebaseAppDistribution-Beta */,
				2723C0082BDA11220069BB71 /* FirebaseAuthCombine-Community */,
				2723C00A2BDA11220069BB71 /* FirebaseCrashlytics */,
				2723C00C2BDA11220069BB71 /* FirebaseDatabase */,
				2723C00E2BDA11220069BB71 /* FirebaseDatabaseSwift */,
				2723C0102BDA11220069BB71 /* FirebaseDynamicLinks */,
				2723C0122BDA11220069BB71 /* FirebaseFirestoreCombine-Community */,
				2723C0142BDA11220069BB71 /* FirebaseFirestoreSwift */,
				2723C0162BDA11220069BB71 /* FirebaseFunctions */,
				2723C0182BDA11220069BB71 /* FirebaseStorageCombine-Community */,
			);
			productName = HMS;
			productReference = 413A15DD2BD0F6330035CDAB /* HMS.app */;
			productType = "com.apple.product-type.application";
		};
/* End PBXNativeTarget section */

/* Begin PBXProject section */
		413A15D52BD0F6330035CDAB /* Project object */ = {
			isa = PBXProject;
			attributes = {
				BuildIndependentTargetsInParallel = 1;
				LastSwiftUpdateCheck = 1530;
				LastUpgradeCheck = 1530;
				TargetAttributes = {
					413A15DC2BD0F6330035CDAB = {
						CreatedOnToolsVersion = 15.3;
					};
				};
			};
			buildConfigurationList = 413A15D82BD0F6330035CDAB /* Build configuration list for PBXProject "HMS" */;
			compatibilityVersion = "Xcode 14.0";
			developmentRegion = en;
			hasScannedForEncodings = 0;
			knownRegions = (
				en,
				Base,
			);
			mainGroup = 413A15D42BD0F6330035CDAB;
			packageReferences = (
				F5A456282BD919660068A069 /* XCRemoteSwiftPackageReference "firebase-ios-sdk" */,
			);
			productRefGroup = 413A15DE2BD0F6330035CDAB /* Products */;
			projectDirPath = "";
			projectRoot = "";
			targets = (
				413A15DC2BD0F6330035CDAB /* HMS */,
			);
		};
/* End PBXProject section */

/* Begin PBXResourcesBuildPhase section */
		413A15DB2BD0F6330035CDAB /* Resources */ = {
			isa = PBXResourcesBuildPhase;
			buildActionMask = 2147483647;
			files = (
				412405D92BD9053A00C6482E /* .gitignore in Resources */,
				F597B4462BDBE02300FEF4E1 /* GoogleService-Info.plist in Resources */,
				413A15E82BD0F6340035CDAB /* Preview Assets.xcassets in Resources */,
				413A15E52BD0F6340035CDAB /* Assets.xcassets in Resources */,
			);
			runOnlyForDeploymentPostprocessing = 0;
		};
/* End PBXResourcesBuildPhase section */

/* Begin PBXSourcesBuildPhase section */
		413A15D92BD0F6330035CDAB /* Sources */ = {
			isa = PBXSourcesBuildPhase;
			buildActionMask = 2147483647;
			files = (
				E46B50D82BD76D12007A57F5 /* SlotBookView.swift in Sources */,
				2DAC00552BD78B450080098C /* InputFieldView.swift in Sources */,
				413A15E32BD0F6330035CDAB /* ContentView.swift in Sources */,
				8414566F2BD9109A00691A79 /* DoctorProfileView.swift in Sources */,
				6B14B04F2BD6CCA9004F0B78 /* VitalsHeartView.swift in Sources */,
				413A15E12BD0F6330035CDAB /* HMSApp.swift in Sources */,
				41149F062BD63EAF00E32FD7 /* Doc.swift in Sources */,
				F5A456622BD91B000068A069 /* appointments-upcoming.swift in Sources */,
				41149EFE2BD63E9000E32FD7 /* DataModel.swift in Sources */,
				6BD105862BD6560100506D84 /* HealthEventTab.swift in Sources */,
				E43788702BDA4E9A00EE6EDF /* OnBoarding.swift in Sources */,
				164571B52BDA0CEE00855DDF /* HealthEvents.swift in Sources */,
				1645716E2BD7B74A00855DDF /* DoctorModel.swift in Sources */,
				6B14B04D2BD68CB1004F0B78 /* PatientHomeScreen.swift in Sources */,
				E43788722BDA4EC300EE6EDF /* PageModel.swift in Sources */,
				164571CF2BDA497A00855DDF /* StaffInfoView.swift in Sources */,
				41CC4C112BDA315E00BE8EE5 /* Admin.swift in Sources */,
				2DAC00592BD78B8D0080098C /* PdetailView.swift in Sources */,
				F5A456602BD91AEE0068A069 /* Appointment-Manage.swift in Sources */,
				6B14B0512BD6CF37004F0B78 /* VitalsSPO2View.swift in Sources */,
				E43788742BDA4EDF00EE6EDF /* PageView.swift in Sources */,
				164571AD2BD9076300855DDF /* DAddView.swift in Sources */,
				164571B12BD9240C00855DDF /* AdminHome.swift in Sources */,
				F5A456262BD90AA00068A069 /* vitals.swift in Sources */,
				164571B32BDA0CD000855DDF /* DoctorHome.swift in Sources */,
				F5A456642BD97DFB0068A069 /* appo-completed.swift in Sources */,
				1645716F2BD7B74A00855DDF /* PatientModel.swift in Sources */,
				E437886E2BDA4E6A00EE6EDF /* SplashScreen.swift in Sources */,
				2DAC005B2BD78BCC0080098C /* SignUpView.swift in Sources */,
				841456702BD9109A00691A79 /* DoctorList.swift in Sources */,
				2DAC00572BD78B6E0080098C /* phoneVerificationView.swift in Sources */,
				2DAC00532BD78B180080098C /* LoginView.swift in Sources */,
				6B5FFCD02BD63F7D00224FC2 /* DoctorInfoAppointmentTab.swift in Sources */,
				F5A456662BD988F50068A069 /* appo-cancelled.swift in Sources */,
				41149F022BD63EA200E32FD7 /* Patient.swift in Sources */,
			);
			runOnlyForDeploymentPostprocessing = 0;
		};
/* End PBXSourcesBuildPhase section */

/* Begin XCBuildConfiguration section */
		413A15E92BD0F6340035CDAB /* Debug */ = {
			isa = XCBuildConfiguration;
			buildSettings = {
				ALWAYS_SEARCH_USER_PATHS = NO;
				ASSETCATALOG_COMPILER_GENERATE_SWIFT_ASSET_SYMBOL_EXTENSIONS = YES;
				CLANG_ANALYZER_NONNULL = YES;
				CLANG_ANALYZER_NUMBER_OBJECT_CONVERSION = YES_AGGRESSIVE;
				CLANG_CXX_LANGUAGE_STANDARD = "gnu++20";
				CLANG_ENABLE_MODULES = YES;
				CLANG_ENABLE_OBJC_ARC = YES;
				CLANG_ENABLE_OBJC_WEAK = YES;
				CLANG_WARN_BLOCK_CAPTURE_AUTORELEASING = YES;
				CLANG_WARN_BOOL_CONVERSION = YES;
				CLANG_WARN_COMMA = YES;
				CLANG_WARN_CONSTANT_CONVERSION = YES;
				CLANG_WARN_DEPRECATED_OBJC_IMPLEMENTATIONS = YES;
				CLANG_WARN_DIRECT_OBJC_ISA_USAGE = YES_ERROR;
				CLANG_WARN_DOCUMENTATION_COMMENTS = YES;
				CLANG_WARN_EMPTY_BODY = YES;
				CLANG_WARN_ENUM_CONVERSION = YES;
				CLANG_WARN_INFINITE_RECURSION = YES;
				CLANG_WARN_INT_CONVERSION = YES;
				CLANG_WARN_NON_LITERAL_NULL_CONVERSION = YES;
				CLANG_WARN_OBJC_IMPLICIT_RETAIN_SELF = YES;
				CLANG_WARN_OBJC_LITERAL_CONVERSION = YES;
				CLANG_WARN_OBJC_ROOT_CLASS = YES_ERROR;
				CLANG_WARN_QUOTED_INCLUDE_IN_FRAMEWORK_HEADER = YES;
				CLANG_WARN_RANGE_LOOP_ANALYSIS = YES;
				CLANG_WARN_STRICT_PROTOTYPES = YES;
				CLANG_WARN_SUSPICIOUS_MOVE = YES;
				CLANG_WARN_UNGUARDED_AVAILABILITY = YES_AGGRESSIVE;
				CLANG_WARN_UNREACHABLE_CODE = YES;
				CLANG_WARN__DUPLICATE_METHOD_MATCH = YES;
				COPY_PHASE_STRIP = NO;
				DEBUG_INFORMATION_FORMAT = dwarf;
				ENABLE_STRICT_OBJC_MSGSEND = YES;
				ENABLE_TESTABILITY = YES;
				ENABLE_USER_SCRIPT_SANDBOXING = YES;
				GCC_C_LANGUAGE_STANDARD = gnu17;
				GCC_DYNAMIC_NO_PIC = NO;
				GCC_NO_COMMON_BLOCKS = YES;
				GCC_OPTIMIZATION_LEVEL = 0;
				GCC_PREPROCESSOR_DEFINITIONS = (
					"DEBUG=1",
					"$(inherited)",
				);
				GCC_WARN_64_TO_32_BIT_CONVERSION = YES;
				GCC_WARN_ABOUT_RETURN_TYPE = YES_ERROR;
				GCC_WARN_UNDECLARED_SELECTOR = YES;
				GCC_WARN_UNINITIALIZED_AUTOS = YES_AGGRESSIVE;
				GCC_WARN_UNUSED_FUNCTION = YES;
				GCC_WARN_UNUSED_VARIABLE = YES;
				IPHONEOS_DEPLOYMENT_TARGET = 17.4;
				LOCALIZATION_PREFERS_STRING_CATALOGS = YES;
				MTL_ENABLE_DEBUG_INFO = INCLUDE_SOURCE;
				MTL_FAST_MATH = YES;
				ONLY_ACTIVE_ARCH = YES;
				SDKROOT = iphoneos;
				SWIFT_ACTIVE_COMPILATION_CONDITIONS = "DEBUG $(inherited)";
				SWIFT_OPTIMIZATION_LEVEL = "-Onone";
			};
			name = Debug;
		};
		413A15EA2BD0F6340035CDAB /* Release */ = {
			isa = XCBuildConfiguration;
			buildSettings = {
				ALWAYS_SEARCH_USER_PATHS = NO;
				ASSETCATALOG_COMPILER_GENERATE_SWIFT_ASSET_SYMBOL_EXTENSIONS = YES;
				CLANG_ANALYZER_NONNULL = YES;
				CLANG_ANALYZER_NUMBER_OBJECT_CONVERSION = YES_AGGRESSIVE;
				CLANG_CXX_LANGUAGE_STANDARD = "gnu++20";
				CLANG_ENABLE_MODULES = YES;
				CLANG_ENABLE_OBJC_ARC = YES;
				CLANG_ENABLE_OBJC_WEAK = YES;
				CLANG_WARN_BLOCK_CAPTURE_AUTORELEASING = YES;
				CLANG_WARN_BOOL_CONVERSION = YES;
				CLANG_WARN_COMMA = YES;
				CLANG_WARN_CONSTANT_CONVERSION = YES;
				CLANG_WARN_DEPRECATED_OBJC_IMPLEMENTATIONS = YES;
				CLANG_WARN_DIRECT_OBJC_ISA_USAGE = YES_ERROR;
				CLANG_WARN_DOCUMENTATION_COMMENTS = YES;
				CLANG_WARN_EMPTY_BODY = YES;
				CLANG_WARN_ENUM_CONVERSION = YES;
				CLANG_WARN_INFINITE_RECURSION = YES;
				CLANG_WARN_INT_CONVERSION = YES;
				CLANG_WARN_NON_LITERAL_NULL_CONVERSION = YES;
				CLANG_WARN_OBJC_IMPLICIT_RETAIN_SELF = YES;
				CLANG_WARN_OBJC_LITERAL_CONVERSION = YES;
				CLANG_WARN_OBJC_ROOT_CLASS = YES_ERROR;
				CLANG_WARN_QUOTED_INCLUDE_IN_FRAMEWORK_HEADER = YES;
				CLANG_WARN_RANGE_LOOP_ANALYSIS = YES;
				CLANG_WARN_STRICT_PROTOTYPES = YES;
				CLANG_WARN_SUSPICIOUS_MOVE = YES;
				CLANG_WARN_UNGUARDED_AVAILABILITY = YES_AGGRESSIVE;
				CLANG_WARN_UNREACHABLE_CODE = YES;
				CLANG_WARN__DUPLICATE_METHOD_MATCH = YES;
				COPY_PHASE_STRIP = NO;
				DEBUG_INFORMATION_FORMAT = "dwarf-with-dsym";
				ENABLE_NS_ASSERTIONS = NO;
				ENABLE_STRICT_OBJC_MSGSEND = YES;
				ENABLE_USER_SCRIPT_SANDBOXING = YES;
				GCC_C_LANGUAGE_STANDARD = gnu17;
				GCC_NO_COMMON_BLOCKS = YES;
				GCC_WARN_64_TO_32_BIT_CONVERSION = YES;
				GCC_WARN_ABOUT_RETURN_TYPE = YES_ERROR;
				GCC_WARN_UNDECLARED_SELECTOR = YES;
				GCC_WARN_UNINITIALIZED_AUTOS = YES_AGGRESSIVE;
				GCC_WARN_UNUSED_FUNCTION = YES;
				GCC_WARN_UNUSED_VARIABLE = YES;
				IPHONEOS_DEPLOYMENT_TARGET = 17.4;
				LOCALIZATION_PREFERS_STRING_CATALOGS = YES;
				MTL_ENABLE_DEBUG_INFO = NO;
				MTL_FAST_MATH = YES;
				SDKROOT = iphoneos;
				SWIFT_COMPILATION_MODE = wholemodule;
				VALIDATE_PRODUCT = YES;
			};
			name = Release;
		};
		413A15EC2BD0F6340035CDAB /* Debug */ = {
			isa = XCBuildConfiguration;
			buildSettings = {
				ASSETCATALOG_COMPILER_APPICON_NAME = AppIcon;
				ASSETCATALOG_COMPILER_GLOBAL_ACCENT_COLOR_NAME = AccentColor;
				CODE_SIGN_ENTITLEMENTS = HMS/HMS.entitlements;
				CODE_SIGN_STYLE = Automatic;
				CURRENT_PROJECT_VERSION = 1;
				DEVELOPMENT_ASSET_PATHS = "\"HMS/Preview Content\"";
				DEVELOPMENT_TEAM = ZRAZZ9X24U;
				ENABLE_PREVIEWS = YES;
				GENERATE_INFOPLIST_FILE = YES;
				INFOPLIST_KEY_NSHealthShareUsageDescription = "need for functioning";
				INFOPLIST_KEY_UIApplicationSceneManifest_Generation = YES;
				INFOPLIST_KEY_UIApplicationSupportsIndirectInputEvents = YES;
				INFOPLIST_KEY_UILaunchScreen_Generation = YES;
				INFOPLIST_KEY_UISupportedInterfaceOrientations_iPad = "UIInterfaceOrientationPortrait UIInterfaceOrientationPortraitUpsideDown UIInterfaceOrientationLandscapeLeft UIInterfaceOrientationLandscapeRight";
				INFOPLIST_KEY_UISupportedInterfaceOrientations_iPhone = "UIInterfaceOrientationPortrait UIInterfaceOrientationLandscapeLeft UIInterfaceOrientationLandscapeRight";
				IPHONEOS_DEPLOYMENT_TARGET = 17.2;
				LD_RUNPATH_SEARCH_PATHS = (
					"$(inherited)",
					"@executable_path/Frameworks",
				);
				MARKETING_VERSION = 1.0;
				PRODUCT_BUNDLE_IDENTIFIER = srmist.edu.in.HMS;
				PRODUCT_NAME = "$(TARGET_NAME)";
				SWIFT_EMIT_LOC_STRINGS = YES;
				SWIFT_VERSION = 5.0;
				TARGETED_DEVICE_FAMILY = "1,2";
			};
			name = Debug;
		};
		413A15ED2BD0F6340035CDAB /* Release */ = {
			isa = XCBuildConfiguration;
			buildSettings = {
				ASSETCATALOG_COMPILER_APPICON_NAME = AppIcon;
				ASSETCATALOG_COMPILER_GLOBAL_ACCENT_COLOR_NAME = AccentColor;
				CODE_SIGN_ENTITLEMENTS = HMS/HMS.entitlements;
				CODE_SIGN_STYLE = Automatic;
				CURRENT_PROJECT_VERSION = 1;
				DEVELOPMENT_ASSET_PATHS = "\"HMS/Preview Content\"";
				DEVELOPMENT_TEAM = ZRAZZ9X24U;
				ENABLE_PREVIEWS = YES;
				GENERATE_INFOPLIST_FILE = YES;
				INFOPLIST_KEY_NSHealthShareUsageDescription = "need for functioning";
				INFOPLIST_KEY_UIApplicationSceneManifest_Generation = YES;
				INFOPLIST_KEY_UIApplicationSupportsIndirectInputEvents = YES;
				INFOPLIST_KEY_UILaunchScreen_Generation = YES;
				INFOPLIST_KEY_UISupportedInterfaceOrientations_iPad = "UIInterfaceOrientationPortrait UIInterfaceOrientationPortraitUpsideDown UIInterfaceOrientationLandscapeLeft UIInterfaceOrientationLandscapeRight";
				INFOPLIST_KEY_UISupportedInterfaceOrientations_iPhone = "UIInterfaceOrientationPortrait UIInterfaceOrientationLandscapeLeft UIInterfaceOrientationLandscapeRight";
				IPHONEOS_DEPLOYMENT_TARGET = 17.2;
				LD_RUNPATH_SEARCH_PATHS = (
					"$(inherited)",
					"@executable_path/Frameworks",
				);
				MARKETING_VERSION = 1.0;
				PRODUCT_BUNDLE_IDENTIFIER = srmist.edu.in.HMS;
				PRODUCT_NAME = "$(TARGET_NAME)";
				SWIFT_EMIT_LOC_STRINGS = YES;
				SWIFT_VERSION = 5.0;
				TARGETED_DEVICE_FAMILY = "1,2";
			};
			name = Release;
		};
/* End XCBuildConfiguration section */

/* Begin XCConfigurationList section */
		413A15D82BD0F6330035CDAB /* Build configuration list for PBXProject "HMS" */ = {
			isa = XCConfigurationList;
			buildConfigurations = (
				413A15E92BD0F6340035CDAB /* Debug */,
				413A15EA2BD0F6340035CDAB /* Release */,
			);
			defaultConfigurationIsVisible = 0;
			defaultConfigurationName = Release;
		};
		413A15EB2BD0F6340035CDAB /* Build configuration list for PBXNativeTarget "HMS" */ = {
			isa = XCConfigurationList;
			buildConfigurations = (
				413A15EC2BD0F6340035CDAB /* Debug */,
				413A15ED2BD0F6340035CDAB /* Release */,
			);
			defaultConfigurationIsVisible = 0;
			defaultConfigurationName = Release;
		};
/* End XCConfigurationList section */

/* Begin XCRemoteSwiftPackageReference section */
		F5A456282BD919660068A069 /* XCRemoteSwiftPackageReference "firebase-ios-sdk" */ = {
			isa = XCRemoteSwiftPackageReference;
			repositoryURL = "https://github.com/firebase/firebase-ios-sdk";
			requirement = {
				kind = upToNextMajorVersion;
				minimumVersion = 10.24.0;
			};
		};
/* End XCRemoteSwiftPackageReference section */

/* Begin XCSwiftPackageProductDependency section */
		2723BFFC2BDA11220069BB71 /* FirebaseAnalytics */ = {
			isa = XCSwiftPackageProductDependency;
			productName = FirebaseAnalytics;
		};
		2723BFFE2BDA11220069BB71 /* FirebaseAnalyticsOnDeviceConversion */ = {
			isa = XCSwiftPackageProductDependency;
			productName = FirebaseAnalyticsOnDeviceConversion;
		};
		2723C0002BDA11220069BB71 /* FirebaseAnalyticsSwift */ = {
			isa = XCSwiftPackageProductDependency;
			productName = FirebaseAnalyticsSwift;
		};
		2723C0022BDA11220069BB71 /* FirebaseAnalyticsWithoutAdIdSupport */ = {
			isa = XCSwiftPackageProductDependency;
			productName = FirebaseAnalyticsWithoutAdIdSupport;
		};
		2723C0042BDA11220069BB71 /* FirebaseAppCheck */ = {
			isa = XCSwiftPackageProductDependency;
			productName = FirebaseAppCheck;
		};
		2723C0062BDA11220069BB71 /* FirebaseAppDistribution-Beta */ = {
			isa = XCSwiftPackageProductDependency;
			productName = "FirebaseAppDistribution-Beta";
		};
		2723C0082BDA11220069BB71 /* FirebaseAuthCombine-Community */ = {
			isa = XCSwiftPackageProductDependency;
			productName = "FirebaseAuthCombine-Community";
		};
		2723C00A2BDA11220069BB71 /* FirebaseCrashlytics */ = {
			isa = XCSwiftPackageProductDependency;
			productName = FirebaseCrashlytics;
		};
		2723C00C2BDA11220069BB71 /* FirebaseDatabase */ = {
			isa = XCSwiftPackageProductDependency;
			productName = FirebaseDatabase;
		};
		2723C00E2BDA11220069BB71 /* FirebaseDatabaseSwift */ = {
			isa = XCSwiftPackageProductDependency;
			productName = FirebaseDatabaseSwift;
		};
		2723C0102BDA11220069BB71 /* FirebaseDynamicLinks */ = {
			isa = XCSwiftPackageProductDependency;
			productName = FirebaseDynamicLinks;
		};
		2723C0122BDA11220069BB71 /* FirebaseFirestoreCombine-Community */ = {
			isa = XCSwiftPackageProductDependency;
			productName = "FirebaseFirestoreCombine-Community";
		};
		2723C0142BDA11220069BB71 /* FirebaseFirestoreSwift */ = {
			isa = XCSwiftPackageProductDependency;
			productName = FirebaseFirestoreSwift;
		};
		2723C0162BDA11220069BB71 /* FirebaseFunctions */ = {
			isa = XCSwiftPackageProductDependency;
			productName = FirebaseFunctions;
		};
		2723C0182BDA11220069BB71 /* FirebaseStorageCombine-Community */ = {
			isa = XCSwiftPackageProductDependency;
			productName = "FirebaseStorageCombine-Community";
		};
		416C8E572BD7BCF300309235 /* FirebaseAnalytics */ = {
			isa = XCSwiftPackageProductDependency;
			package = F5A456282BD919660068A069 /* XCRemoteSwiftPackageReference "firebase-ios-sdk" */;
			productName = FirebaseAnalytics;
		};
/* End XCSwiftPackageProductDependency section */
	};
	rootObject = 413A15D52BD0F6330035CDAB /* Project object */;
}
