// !$*UTF8*$!
{
	archiveVersion = 1;
	classes = {
	};
	objectVersion = 56;
	objects = {

/* Begin PBXBuildFile section */
		1645716E2BD7B74A00855DDF /* DoctorModel.swift in Sources */ = {isa = PBXBuildFile; fileRef = 1645716C2BD7B74A00855DDF /* DoctorModel.swift */; };
		1645716F2BD7B74A00855DDF /* PatientModel.swift in Sources */ = {isa = PBXBuildFile; fileRef = 1645716D2BD7B74A00855DDF /* PatientModel.swift */; };
		164571AD2BD9076300855DDF /* DAddView.swift in Sources */ = {isa = PBXBuildFile; fileRef = 164571AC2BD9076300855DDF /* DAddView.swift */; };
		2723BFF72BDA0FCC0069BB71 /* GoogleService-Info.plist in Resources */ = {isa = PBXBuildFile; fileRef = 2723BFF62BDA0FCC0069BB71 /* GoogleService-Info.plist */; };
		2723BFFA2BDA0FEB0069BB71 /* Admin Components in Resources */ = {isa = PBXBuildFile; fileRef = 2723BFF82BDA0FEB0069BB71 /* Admin Components */; };
		2723BFFB2BDA0FEB0069BB71 /* Admin.swift in Sources */ = {isa = PBXBuildFile; fileRef = 2723BFF92BDA0FEB0069BB71 /* Admin.swift */; };
		2DAC00532BD78B180080098C /* LoginView.swift in Sources */ = {isa = PBXBuildFile; fileRef = 2DAC00522BD78B180080098C /* LoginView.swift */; };
		2DAC00552BD78B450080098C /* InputFieldView.swift in Sources */ = {isa = PBXBuildFile; fileRef = 2DAC00542BD78B450080098C /* InputFieldView.swift */; };
		2DAC00572BD78B6E0080098C /* phoneVerificationView.swift in Sources */ = {isa = PBXBuildFile; fileRef = 2DAC00562BD78B6E0080098C /* phoneVerificationView.swift */; };
		2DAC00592BD78B8D0080098C /* PdetailView.swift in Sources */ = {isa = PBXBuildFile; fileRef = 2DAC00582BD78B8D0080098C /* PdetailView.swift */; };
		2DAC005B2BD78BCC0080098C /* SignUpView.swift in Sources */ = {isa = PBXBuildFile; fileRef = 2DAC005A2BD78BCC0080098C /* SignUpView.swift */; };
		41149EFE2BD63E9000E32FD7 /* DataModel.swift in Sources */ = {isa = PBXBuildFile; fileRef = 41149EFD2BD63E9000E32FD7 /* DataModel.swift */; };
		41149F022BD63EA200E32FD7 /* Patient.swift in Sources */ = {isa = PBXBuildFile; fileRef = 41149F012BD63EA200E32FD7 /* Patient.swift */; };
		41149F062BD63EAF00E32FD7 /* Doc.swift in Sources */ = {isa = PBXBuildFile; fileRef = 41149F052BD63EAF00E32FD7 /* Doc.swift */; };
		412405D92BD9053A00C6482E /* .gitignore in Resources */ = {isa = PBXBuildFile; fileRef = 412405D82BD9053900C6482E /* .gitignore */; };
		413A15E12BD0F6330035CDAB /* HMSApp.swift in Sources */ = {isa = PBXBuildFile; fileRef = 413A15E02BD0F6330035CDAB /* HMSApp.swift */; };
		413A15E32BD0F6330035CDAB /* ContentView.swift in Sources */ = {isa = PBXBuildFile; fileRef = 413A15E22BD0F6330035CDAB /* ContentView.swift */; };
		413A15E52BD0F6340035CDAB /* Assets.xcassets in Resources */ = {isa = PBXBuildFile; fileRef = 413A15E42BD0F6340035CDAB /* Assets.xcassets */; };
		413A15E82BD0F6340035CDAB /* Preview Assets.xcassets in Resources */ = {isa = PBXBuildFile; fileRef = 413A15E72BD0F6340035CDAB /* Preview Assets.xcassets */; };
		416C8E582BD7BCF300309235 /* FirebaseAuth in Frameworks */ = {isa = PBXBuildFile; productRef = 416C8E572BD7BCF300309235 /* FirebaseAuth */; };
		416C8E5A2BD7BCF300309235 /* FirebaseFirestore in Frameworks */ = {isa = PBXBuildFile; productRef = 416C8E592BD7BCF300309235 /* FirebaseFirestore */; };
		416C8E5C2BD7BCF300309235 /* FirebaseStorage in Frameworks */ = {isa = PBXBuildFile; productRef = 416C8E5B2BD7BCF300309235 /* FirebaseStorage */; };
		6B14B04D2BD68CB1004F0B78 /* PatientHomeScreen.swift in Sources */ = {isa = PBXBuildFile; fileRef = 6B14B04C2BD68CB1004F0B78 /* PatientHomeScreen.swift */; };
		6B14B04F2BD6CCA9004F0B78 /* VitalsHeartView.swift in Sources */ = {isa = PBXBuildFile; fileRef = 6B14B04E2BD6CCA9004F0B78 /* VitalsHeartView.swift */; };
		6B14B0512BD6CF37004F0B78 /* VitalsSPO2View.swift in Sources */ = {isa = PBXBuildFile; fileRef = 6B14B0502BD6CF37004F0B78 /* VitalsSPO2View.swift */; };
		6B5FFCD02BD63F7D00224FC2 /* DoctorInfoAppointmentTab.swift in Sources */ = {isa = PBXBuildFile; fileRef = 6B5FFCCF2BD63F7D00224FC2 /* DoctorInfoAppointmentTab.swift */; };
		6BD105862BD6560100506D84 /* HealthEventTab.swift in Sources */ = {isa = PBXBuildFile; fileRef = 6BD105852BD6560100506D84 /* HealthEventTab.swift */; };
		8414566F2BD9109A00691A79 /* DoctorProfileView.swift in Sources */ = {isa = PBXBuildFile; fileRef = 8414566D2BD9109A00691A79 /* DoctorProfileView.swift */; };
		841456702BD9109A00691A79 /* DoctorList.swift in Sources */ = {isa = PBXBuildFile; fileRef = 8414566E2BD9109A00691A79 /* DoctorList.swift */; };
		E46B50D82BD76D12007A57F5 /* SlotAvailabilityView.swift in Sources */ = {isa = PBXBuildFile; fileRef = E46B50D72BD76D12007A57F5 /* SlotAvailabilityView.swift */; };
		F5A456262BD90AA00068A069 /* vitals.swift in Sources */ = {isa = PBXBuildFile; fileRef = F5A456252BD90AA00068A069 /* vitals.swift */; };
/* End PBXBuildFile section */

/* Begin PBXFileReference section */
		1645716C2BD7B74A00855DDF /* DoctorModel.swift */ = {isa = PBXFileReference; fileEncoding = 4; lastKnownFileType = sourcecode.swift; path = DoctorModel.swift; sourceTree = "<group>"; };
		1645716D2BD7B74A00855DDF /* PatientModel.swift */ = {isa = PBXFileReference; fileEncoding = 4; lastKnownFileType = sourcecode.swift; path = PatientModel.swift; sourceTree = "<group>"; };
		164571AC2BD9076300855DDF /* DAddView.swift */ = {isa = PBXFileReference; lastKnownFileType = sourcecode.swift; path = DAddView.swift; sourceTree = "<group>"; };
		2723BFF62BDA0FCC0069BB71 /* GoogleService-Info.plist */ = {isa = PBXFileReference; fileEncoding = 4; lastKnownFileType = text.plist.xml; path = "GoogleService-Info.plist"; sourceTree = "<group>"; };
		2723BFF82BDA0FEB0069BB71 /* Admin Components */ = {isa = PBXFileReference; lastKnownFileType = folder; path = "Admin Components"; sourceTree = "<group>"; };
		2723BFF92BDA0FEB0069BB71 /* Admin.swift */ = {isa = PBXFileReference; fileEncoding = 4; lastKnownFileType = sourcecode.swift; path = Admin.swift; sourceTree = "<group>"; };
		2DAC00522BD78B180080098C /* LoginView.swift */ = {isa = PBXFileReference; lastKnownFileType = sourcecode.swift; path = LoginView.swift; sourceTree = "<group>"; };
		2DAC00542BD78B450080098C /* InputFieldView.swift */ = {isa = PBXFileReference; lastKnownFileType = sourcecode.swift; path = InputFieldView.swift; sourceTree = "<group>"; };
		2DAC00562BD78B6E0080098C /* phoneVerificationView.swift */ = {isa = PBXFileReference; lastKnownFileType = sourcecode.swift; path = phoneVerificationView.swift; sourceTree = "<group>"; };
		2DAC00582BD78B8D0080098C /* PdetailView.swift */ = {isa = PBXFileReference; lastKnownFileType = sourcecode.swift; path = PdetailView.swift; sourceTree = "<group>"; };
		2DAC005A2BD78BCC0080098C /* SignUpView.swift */ = {isa = PBXFileReference; lastKnownFileType = sourcecode.swift; path = SignUpView.swift; sourceTree = "<group>"; };
		41149EFD2BD63E9000E32FD7 /* DataModel.swift */ = {isa = PBXFileReference; lastKnownFileType = sourcecode.swift; path = DataModel.swift; sourceTree = "<group>"; };
		41149F012BD63EA200E32FD7 /* Patient.swift */ = {isa = PBXFileReference; lastKnownFileType = sourcecode.swift; path = Patient.swift; sourceTree = "<group>"; };
		41149F052BD63EAF00E32FD7 /* Doc.swift */ = {isa = PBXFileReference; lastKnownFileType = sourcecode.swift; path = Doc.swift; sourceTree = "<group>"; };
		412405D82BD9053900C6482E /* .gitignore */ = {isa = PBXFileReference; fileEncoding = 4; lastKnownFileType = text; path = .gitignore; sourceTree = "<group>"; };
		413A15DD2BD0F6330035CDAB /* HMS.app */ = {isa = PBXFileReference; explicitFileType = wrapper.application; includeInIndex = 0; path = HMS.app; sourceTree = BUILT_PRODUCTS_DIR; };
		413A15E02BD0F6330035CDAB /* HMSApp.swift */ = {isa = PBXFileReference; lastKnownFileType = sourcecode.swift; path = HMSApp.swift; sourceTree = "<group>"; };
		413A15E22BD0F6330035CDAB /* ContentView.swift */ = {isa = PBXFileReference; lastKnownFileType = sourcecode.swift; path = ContentView.swift; sourceTree = "<group>"; };
		413A15E42BD0F6340035CDAB /* Assets.xcassets */ = {isa = PBXFileReference; lastKnownFileType = folder.assetcatalog; path = Assets.xcassets; sourceTree = "<group>"; };
		413A15E72BD0F6340035CDAB /* Preview Assets.xcassets */ = {isa = PBXFileReference; lastKnownFileType = folder.assetcatalog; path = "Preview Assets.xcassets"; sourceTree = "<group>"; };
		6B14B04C2BD68CB1004F0B78 /* PatientHomeScreen.swift */ = {isa = PBXFileReference; lastKnownFileType = sourcecode.swift; path = PatientHomeScreen.swift; sourceTree = "<group>"; };
		6B14B04E2BD6CCA9004F0B78 /* VitalsHeartView.swift */ = {isa = PBXFileReference; lastKnownFileType = sourcecode.swift; path = VitalsHeartView.swift; sourceTree = "<group>"; };
		6B14B0502BD6CF37004F0B78 /* VitalsSPO2View.swift */ = {isa = PBXFileReference; lastKnownFileType = sourcecode.swift; path = VitalsSPO2View.swift; sourceTree = "<group>"; };
		6B5FFCCF2BD63F7D00224FC2 /* DoctorInfoAppointmentTab.swift */ = {isa = PBXFileReference; lastKnownFileType = sourcecode.swift; path = DoctorInfoAppointmentTab.swift; sourceTree = "<group>"; };
		6BD105852BD6560100506D84 /* HealthEventTab.swift */ = {isa = PBXFileReference; lastKnownFileType = sourcecode.swift; path = HealthEventTab.swift; sourceTree = "<group>"; };
		8414566D2BD9109A00691A79 /* DoctorProfileView.swift */ = {isa = PBXFileReference; fileEncoding = 4; lastKnownFileType = sourcecode.swift; path = DoctorProfileView.swift; sourceTree = "<group>"; };
		8414566E2BD9109A00691A79 /* DoctorList.swift */ = {isa = PBXFileReference; fileEncoding = 4; lastKnownFileType = sourcecode.swift; path = DoctorList.swift; sourceTree = "<group>"; };
		E46B50D72BD76D12007A57F5 /* SlotAvailabilityView.swift */ = {isa = PBXFileReference; lastKnownFileType = sourcecode.swift; path = SlotAvailabilityView.swift; sourceTree = "<group>"; };
		F5A456252BD90AA00068A069 /* vitals.swift */ = {isa = PBXFileReference; fileEncoding = 4; lastKnownFileType = sourcecode.swift; path = vitals.swift; sourceTree = "<group>"; };
		F5A456272BD90AC80068A069 /* HMS.entitlements */ = {isa = PBXFileReference; lastKnownFileType = text.plist.entitlements; path = HMS.entitlements; sourceTree = "<group>"; };
/* End PBXFileReference section */

/* Begin PBXFrameworksBuildPhase section */
		413A15DA2BD0F6330035CDAB /* Frameworks */ = {
			isa = PBXFrameworksBuildPhase;
			buildActionMask = 2147483647;
			files = (
				416C8E582BD7BCF300309235 /* FirebaseAuth in Frameworks */,
				416C8E5A2BD7BCF300309235 /* FirebaseFirestore in Frameworks */,
				416C8E5C2BD7BCF300309235 /* FirebaseStorage in Frameworks */,
			);
			runOnlyForDeploymentPostprocessing = 0;
		};
/* End PBXFrameworksBuildPhase section */

/* Begin PBXGroup section */
		41149EF62BD6348D00E32FD7 /* DataModels */ = {
			isa = PBXGroup;
			children = (
				1645716C2BD7B74A00855DDF /* DoctorModel.swift */,
				1645716D2BD7B74A00855DDF /* PatientModel.swift */,
				41149EFD2BD63E9000E32FD7 /* DataModel.swift */,
			);
			path = DataModels;
			sourceTree = "<group>";
		};
		41149EF72BD6349700E32FD7 /* Admin */ = {
			isa = PBXGroup;
			children = (
				2723BFF82BDA0FEB0069BB71 /* Admin Components */,
				2723BFF92BDA0FEB0069BB71 /* Admin.swift */,
				164571AC2BD9076300855DDF /* DAddView.swift */,
			);
			path = Admin;
			sourceTree = "<group>";
		};
		41149EF82BD6349F00E32FD7 /* Patient */ = {
			isa = PBXGroup;
			children = (
				8414566E2BD9109A00691A79 /* DoctorList.swift */,
				8414566D2BD9109A00691A79 /* DoctorProfileView.swift */,
				41149F012BD63EA200E32FD7 /* Patient.swift */,
				6B14B04C2BD68CB1004F0B78 /* PatientHomeScreen.swift */,
				6B5FFCCE2BD63F4C00224FC2 /* Patient Components */,
				E46B50D72BD76D12007A57F5 /* SlotAvailabilityView.swift */,
			);
			path = Patient;
			sourceTree = "<group>";
		};
		41149EF92BD634A700E32FD7 /* Login */ = {
			isa = PBXGroup;
			children = (
				2DAC00542BD78B450080098C /* InputFieldView.swift */,
				2DAC00522BD78B180080098C /* LoginView.swift */,
				2DAC00562BD78B6E0080098C /* phoneVerificationView.swift */,
				2DAC005A2BD78BCC0080098C /* SignUpView.swift */,
				2DAC00582BD78B8D0080098C /* PdetailView.swift */,
			);
			path = Login;
			sourceTree = "<group>";
		};
		41149EFA2BD634AD00E32FD7 /* Doctor */ = {
			isa = PBXGroup;
			children = (
				41149F052BD63EAF00E32FD7 /* Doc.swift */,
			);
			path = Doctor;
			sourceTree = "<group>";
		};
		413A15D42BD0F6330035CDAB = {
			isa = PBXGroup;
			children = (
				412405D82BD9053900C6482E /* .gitignore */,
				413A15DF2BD0F6330035CDAB /* HMS */,
				413A15DE2BD0F6330035CDAB /* Products */,
				416C8E552BD7BC6B00309235 /* Frameworks */,
			);
			sourceTree = "<group>";
		};
		413A15DE2BD0F6330035CDAB /* Products */ = {
			isa = PBXGroup;
			children = (
				413A15DD2BD0F6330035CDAB /* HMS.app */,
			);
			name = Products;
			sourceTree = "<group>";
		};
		413A15DF2BD0F6330035CDAB /* HMS */ = {
			isa = PBXGroup;
			children = (
				2723BFF62BDA0FCC0069BB71 /* GoogleService-Info.plist */,
				F5A456272BD90AC80068A069 /* HMS.entitlements */,
				41149EFA2BD634AD00E32FD7 /* Doctor */,
				41149EF92BD634A700E32FD7 /* Login */,
				41149EF82BD6349F00E32FD7 /* Patient */,
				41149EF72BD6349700E32FD7 /* Admin */,
				41149EF62BD6348D00E32FD7 /* DataModels */,
				413A15E02BD0F6330035CDAB /* HMSApp.swift */,
				413A15E22BD0F6330035CDAB /* ContentView.swift */,
				413A15E42BD0F6340035CDAB /* Assets.xcassets */,
				413A15E62BD0F6340035CDAB /* Preview Content */,
			);
			path = HMS;
			sourceTree = "<group>";
		};
		413A15E62BD0F6340035CDAB /* Preview Content */ = {
			isa = PBXGroup;
			children = (
				413A15E72BD0F6340035CDAB /* Preview Assets.xcassets */,
			);
			path = "Preview Content";
			sourceTree = "<group>";
		};
		416C8E552BD7BC6B00309235 /* Frameworks */ = {
			isa = PBXGroup;
			children = (
			);
			name = Frameworks;
			sourceTree = "<group>";
		};
		6B5FFCCE2BD63F4C00224FC2 /* Patient Components */ = {
			isa = PBXGroup;
			children = (
				6B5FFCCF2BD63F7D00224FC2 /* DoctorInfoAppointmentTab.swift */,
				6BD105852BD6560100506D84 /* HealthEventTab.swift */,
				6B14B04E2BD6CCA9004F0B78 /* VitalsHeartView.swift */,
				6B14B0502BD6CF37004F0B78 /* VitalsSPO2View.swift */,
				F5A456252BD90AA00068A069 /* vitals.swift */,
			);
			path = "Patient Components";
			sourceTree = "<group>";
		};
/* End PBXGroup section */

/* Begin PBXNativeTarget section */
		413A15DC2BD0F6330035CDAB /* HMS */ = {
			isa = PBXNativeTarget;
			buildConfigurationList = 413A15EB2BD0F6340035CDAB /* Build configuration list for PBXNativeTarget "HMS" */;
			buildPhases = (
				413A15D92BD0F6330035CDAB /* Sources */,
				413A15DA2BD0F6330035CDAB /* Frameworks */,
				413A15DB2BD0F6330035CDAB /* Resources */,
			);
			buildRules = (
			);
			dependencies = (
			);
			name = HMS;
			packageProductDependencies = (
				416C8E572BD7BCF300309235 /* FirebaseAuth */,
				416C8E592BD7BCF300309235 /* FirebaseFirestore */,
				416C8E5B2BD7BCF300309235 /* FirebaseStorage */,
			);
			productName = HMS;
			productReference = 413A15DD2BD0F6330035CDAB /* HMS.app */;
			productType = "com.apple.product-type.application";
		};
/* End PBXNativeTarget section */

/* Begin PBXProject section */
		413A15D52BD0F6330035CDAB /* Project object */ = {
			isa = PBXProject;
			attributes = {
				BuildIndependentTargetsInParallel = 1;
				LastSwiftUpdateCheck = 1530;
				LastUpgradeCheck = 1530;
				TargetAttributes = {
					413A15DC2BD0F6330035CDAB = {
						CreatedOnToolsVersion = 15.3;
					};
				};
			};
			buildConfigurationList = 413A15D82BD0F6330035CDAB /* Build configuration list for PBXProject "HMS" */;
			compatibilityVersion = "Xcode 14.0";
			developmentRegion = en;
			hasScannedForEncodings = 0;
			knownRegions = (
				en,
				Base,
			);
			mainGroup = 413A15D42BD0F6330035CDAB;
			packageReferences = (
				416C8E562BD7BCBE00309235 /* XCRemoteSwiftPackageReference "firebase-ios-sdk" */,
			);
			productRefGroup = 413A15DE2BD0F6330035CDAB /* Products */;
			projectDirPath = "";
			projectRoot = "";
			targets = (
				413A15DC2BD0F6330035CDAB /* HMS */,
			);
		};
/* End PBXProject section */

/* Begin PBXResourcesBuildPhase section */
		413A15DB2BD0F6330035CDAB /* Resources */ = {
			isa = PBXResourcesBuildPhase;
			buildActionMask = 2147483647;
			files = (
				412405D92BD9053A00C6482E /* .gitignore in Resources */,
				2723BFF72BDA0FCC0069BB71 /* GoogleService-Info.plist in Resources */,
				413A15E82BD0F6340035CDAB /* Preview Assets.xcassets in Resources */,
				2723BFFA2BDA0FEB0069BB71 /* Admin Components in Resources */,
				413A15E52BD0F6340035CDAB /* Assets.xcassets in Resources */,
			);
			runOnlyForDeploymentPostprocessing = 0;
		};
/* End PBXResourcesBuildPhase section */

/* Begin PBXSourcesBuildPhase section */
		413A15D92BD0F6330035CDAB /* Sources */ = {
			isa = PBXSourcesBuildPhase;
			buildActionMask = 2147483647;
			files = (
				E46B50D82BD76D12007A57F5 /* SlotAvailabilityView.swift in Sources */,
				2DAC00552BD78B450080098C /* InputFieldView.swift in Sources */,
				413A15E32BD0F6330035CDAB /* ContentView.swift in Sources */,
				2723BFFB2BDA0FEB0069BB71 /* Admin.swift in Sources */,
				8414566F2BD9109A00691A79 /* DoctorProfileView.swift in Sources */,
				6B14B04F2BD6CCA9004F0B78 /* VitalsHeartView.swift in Sources */,
				413A15E12BD0F6330035CDAB /* HMSApp.swift in Sources */,
				41149F062BD63EAF00E32FD7 /* Doc.swift in Sources */,
				41149EFE2BD63E9000E32FD7 /* DataModel.swift in Sources */,
				6BD105862BD6560100506D84 /* HealthEventTab.swift in Sources */,
				1645716E2BD7B74A00855DDF /* DoctorModel.swift in Sources */,
				6B14B04D2BD68CB1004F0B78 /* PatientHomeScreen.swift in Sources */,
				2DAC00592BD78B8D0080098C /* PdetailView.swift in Sources */,
				6B14B0512BD6CF37004F0B78 /* VitalsSPO2View.swift in Sources */,
				164571AD2BD9076300855DDF /* DAddView.swift in Sources */,
				F5A456262BD90AA00068A069 /* vitals.swift in Sources */,
				1645716F2BD7B74A00855DDF /* PatientModel.swift in Sources */,
				2DAC005B2BD78BCC0080098C /* SignUpView.swift in Sources */,
				841456702BD9109A00691A79 /* DoctorList.swift in Sources */,
				2DAC00572BD78B6E0080098C /* phoneVerificationView.swift in Sources */,
				2DAC00532BD78B180080098C /* LoginView.swift in Sources */,
				6B5FFCD02BD63F7D00224FC2 /* DoctorInfoAppointmentTab.swift in Sources */,
				41149F022BD63EA200E32FD7 /* Patient.swift in Sources */,
			);
			runOnlyForDeploymentPostprocessing = 0;
		};
/* End PBXSourcesBuildPhase section */

/* Begin XCBuildConfiguration section */
		413A15E92BD0F6340035CDAB /* Debug */ = {
			isa = XCBuildConfiguration;
			buildSettings = {
				ALWAYS_SEARCH_USER_PATHS = NO;
				ASSETCATALOG_COMPILER_GENERATE_SWIFT_ASSET_SYMBOL_EXTENSIONS = YES;
				CLANG_ANALYZER_NONNULL = YES;
				CLANG_ANALYZER_NUMBER_OBJECT_CONVERSION = YES_AGGRESSIVE;
				CLANG_CXX_LANGUAGE_STANDARD = "gnu++20";
				CLANG_ENABLE_MODULES = YES;
				CLANG_ENABLE_OBJC_ARC = YES;
				CLANG_ENABLE_OBJC_WEAK = YES;
				CLANG_WARN_BLOCK_CAPTURE_AUTORELEASING = YES;
				CLANG_WARN_BOOL_CONVERSION = YES;
				CLANG_WARN_COMMA = YES;
				CLANG_WARN_CONSTANT_CONVERSION = YES;
				CLANG_WARN_DEPRECATED_OBJC_IMPLEMENTATIONS = YES;
				CLANG_WARN_DIRECT_OBJC_ISA_USAGE = YES_ERROR;
				CLANG_WARN_DOCUMENTATION_COMMENTS = YES;
				CLANG_WARN_EMPTY_BODY = YES;
				CLANG_WARN_ENUM_CONVERSION = YES;
				CLANG_WARN_INFINITE_RECURSION = YES;
				CLANG_WARN_INT_CONVERSION = YES;
				CLANG_WARN_NON_LITERAL_NULL_CONVERSION = YES;
				CLANG_WARN_OBJC_IMPLICIT_RETAIN_SELF = YES;
				CLANG_WARN_OBJC_LITERAL_CONVERSION = YES;
				CLANG_WARN_OBJC_ROOT_CLASS = YES_ERROR;
				CLANG_WARN_QUOTED_INCLUDE_IN_FRAMEWORK_HEADER = YES;
				CLANG_WARN_RANGE_LOOP_ANALYSIS = YES;
				CLANG_WARN_STRICT_PROTOTYPES = YES;
				CLANG_WARN_SUSPICIOUS_MOVE = YES;
				CLANG_WARN_UNGUARDED_AVAILABILITY = YES_AGGRESSIVE;
				CLANG_WARN_UNREACHABLE_CODE = YES;
				CLANG_WARN__DUPLICATE_METHOD_MATCH = YES;
				COPY_PHASE_STRIP = NO;
				DEBUG_INFORMATION_FORMAT = dwarf;
				ENABLE_STRICT_OBJC_MSGSEND = YES;
				ENABLE_TESTABILITY = YES;
				ENABLE_USER_SCRIPT_SANDBOXING = YES;
				GCC_C_LANGUAGE_STANDARD = gnu17;
				GCC_DYNAMIC_NO_PIC = NO;
				GCC_NO_COMMON_BLOCKS = YES;
				GCC_OPTIMIZATION_LEVEL = 0;
				GCC_PREPROCESSOR_DEFINITIONS = (
					"DEBUG=1",
					"$(inherited)",
				);
				GCC_WARN_64_TO_32_BIT_CONVERSION = YES;
				GCC_WARN_ABOUT_RETURN_TYPE = YES_ERROR;
				GCC_WARN_UNDECLARED_SELECTOR = YES;
				GCC_WARN_UNINITIALIZED_AUTOS = YES_AGGRESSIVE;
				GCC_WARN_UNUSED_FUNCTION = YES;
				GCC_WARN_UNUSED_VARIABLE = YES;
				IPHONEOS_DEPLOYMENT_TARGET = 17.4;
				LOCALIZATION_PREFERS_STRING_CATALOGS = YES;
				MTL_ENABLE_DEBUG_INFO = INCLUDE_SOURCE;
				MTL_FAST_MATH = YES;
				ONLY_ACTIVE_ARCH = YES;
				SDKROOT = iphoneos;
				SWIFT_ACTIVE_COMPILATION_CONDITIONS = "DEBUG $(inherited)";
				SWIFT_OPTIMIZATION_LEVEL = "-Onone";
			};
			name = Debug;
		};
		413A15EA2BD0F6340035CDAB /* Release */ = {
			isa = XCBuildConfiguration;
			buildSettings = {
				ALWAYS_SEARCH_USER_PATHS = NO;
				ASSETCATALOG_COMPILER_GENERATE_SWIFT_ASSET_SYMBOL_EXTENSIONS = YES;
				CLANG_ANALYZER_NONNULL = YES;
				CLANG_ANALYZER_NUMBER_OBJECT_CONVERSION = YES_AGGRESSIVE;
				CLANG_CXX_LANGUAGE_STANDARD = "gnu++20";
				CLANG_ENABLE_MODULES = YES;
				CLANG_ENABLE_OBJC_ARC = YES;
				CLANG_ENABLE_OBJC_WEAK = YES;
				CLANG_WARN_BLOCK_CAPTURE_AUTORELEASING = YES;
				CLANG_WARN_BOOL_CONVERSION = YES;
				CLANG_WARN_COMMA = YES;
				CLANG_WARN_CONSTANT_CONVERSION = YES;
				CLANG_WARN_DEPRECATED_OBJC_IMPLEMENTATIONS = YES;
				CLANG_WARN_DIRECT_OBJC_ISA_USAGE = YES_ERROR;
				CLANG_WARN_DOCUMENTATION_COMMENTS = YES;
				CLANG_WARN_EMPTY_BODY = YES;
				CLANG_WARN_ENUM_CONVERSION = YES;
				CLANG_WARN_INFINITE_RECURSION = YES;
				CLANG_WARN_INT_CONVERSION = YES;
				CLANG_WARN_NON_LITERAL_NULL_CONVERSION = YES;
				CLANG_WARN_OBJC_IMPLICIT_RETAIN_SELF = YES;
				CLANG_WARN_OBJC_LITERAL_CONVERSION = YES;
				CLANG_WARN_OBJC_ROOT_CLASS = YES_ERROR;
				CLANG_WARN_QUOTED_INCLUDE_IN_FRAMEWORK_HEADER = YES;
				CLANG_WARN_RANGE_LOOP_ANALYSIS = YES;
				CLANG_WARN_STRICT_PROTOTYPES = YES;
				CLANG_WARN_SUSPICIOUS_MOVE = YES;
				CLANG_WARN_UNGUARDED_AVAILABILITY = YES_AGGRESSIVE;
				CLANG_WARN_UNREACHABLE_CODE = YES;
				CLANG_WARN__DUPLICATE_METHOD_MATCH = YES;
				COPY_PHASE_STRIP = NO;
				DEBUG_INFORMATION_FORMAT = "dwarf-with-dsym";
				ENABLE_NS_ASSERTIONS = NO;
				ENABLE_STRICT_OBJC_MSGSEND = YES;
				ENABLE_USER_SCRIPT_SANDBOXING = YES;
				GCC_C_LANGUAGE_STANDARD = gnu17;
				GCC_NO_COMMON_BLOCKS = YES;
				GCC_WARN_64_TO_32_BIT_CONVERSION = YES;
				GCC_WARN_ABOUT_RETURN_TYPE = YES_ERROR;
				GCC_WARN_UNDECLARED_SELECTOR = YES;
				GCC_WARN_UNINITIALIZED_AUTOS = YES_AGGRESSIVE;
				GCC_WARN_UNUSED_FUNCTION = YES;
				GCC_WARN_UNUSED_VARIABLE = YES;
				IPHONEOS_DEPLOYMENT_TARGET = 17.4;
				LOCALIZATION_PREFERS_STRING_CATALOGS = YES;
				MTL_ENABLE_DEBUG_INFO = NO;
				MTL_FAST_MATH = YES;
				SDKROOT = iphoneos;
				SWIFT_COMPILATION_MODE = wholemodule;
				VALIDATE_PRODUCT = YES;
			};
			name = Release;
		};
		413A15EC2BD0F6340035CDAB /* Debug */ = {
			isa = XCBuildConfiguration;
			buildSettings = {
				ASSETCATALOG_COMPILER_APPICON_NAME = AppIcon;
				ASSETCATALOG_COMPILER_GLOBAL_ACCENT_COLOR_NAME = AccentColor;
				CODE_SIGN_ENTITLEMENTS = HMS/HMS.entitlements;
				CODE_SIGN_STYLE = Automatic;
				CURRENT_PROJECT_VERSION = 1;
				DEVELOPMENT_ASSET_PATHS = "\"HMS/Preview Content\"";
				DEVELOPMENT_TEAM = GP39UVDW82;
				ENABLE_PREVIEWS = YES;
				GENERATE_INFOPLIST_FILE = YES;
				INFOPLIST_KEY_NSHealthShareUsageDescription = "need for functioning";
				INFOPLIST_KEY_UIApplicationSceneManifest_Generation = YES;
				INFOPLIST_KEY_UIApplicationSupportsIndirectInputEvents = YES;
				INFOPLIST_KEY_UILaunchScreen_Generation = YES;
				INFOPLIST_KEY_UISupportedInterfaceOrientations_iPad = "UIInterfaceOrientationPortrait UIInterfaceOrientationPortraitUpsideDown UIInterfaceOrientationLandscapeLeft UIInterfaceOrientationLandscapeRight";
				INFOPLIST_KEY_UISupportedInterfaceOrientations_iPhone = "UIInterfaceOrientationPortrait UIInterfaceOrientationLandscapeLeft UIInterfaceOrientationLandscapeRight";
				IPHONEOS_DEPLOYMENT_TARGET = 17.2;
				LD_RUNPATH_SEARCH_PATHS = (
					"$(inherited)",
					"@executable_path/Frameworks",
				);
				MARKETING_VERSION = 1.0;
				PRODUCT_BUNDLE_IDENTIFIER = srmist.edu.in.HMS;
				PRODUCT_NAME = "$(TARGET_NAME)";
				SWIFT_EMIT_LOC_STRINGS = YES;
				SWIFT_VERSION = 5.0;
				TARGETED_DEVICE_FAMILY = "1,2";
			};
			name = Debug;
		};
		413A15ED2BD0F6340035CDAB /* Release */ = {
			isa = XCBuildConfiguration;
			buildSettings = {
				ASSETCATALOG_COMPILER_APPICON_NAME = AppIcon;
				ASSETCATALOG_COMPILER_GLOBAL_ACCENT_COLOR_NAME = AccentColor;
				CODE_SIGN_ENTITLEMENTS = HMS/HMS.entitlements;
				CODE_SIGN_STYLE = Automatic;
				CURRENT_PROJECT_VERSION = 1;
				DEVELOPMENT_ASSET_PATHS = "\"HMS/Preview Content\"";
				DEVELOPMENT_TEAM = GP39UVDW82;
				ENABLE_PREVIEWS = YES;
				GENERATE_INFOPLIST_FILE = YES;
				INFOPLIST_KEY_NSHealthShareUsageDescription = "need for functioning";
				INFOPLIST_KEY_UIApplicationSceneManifest_Generation = YES;
				INFOPLIST_KEY_UIApplicationSupportsIndirectInputEvents = YES;
				INFOPLIST_KEY_UILaunchScreen_Generation = YES;
				INFOPLIST_KEY_UISupportedInterfaceOrientations_iPad = "UIInterfaceOrientationPortrait UIInterfaceOrientationPortraitUpsideDown UIInterfaceOrientationLandscapeLeft UIInterfaceOrientationLandscapeRight";
				INFOPLIST_KEY_UISupportedInterfaceOrientations_iPhone = "UIInterfaceOrientationPortrait UIInterfaceOrientationLandscapeLeft UIInterfaceOrientationLandscapeRight";
				IPHONEOS_DEPLOYMENT_TARGET = 17.2;
				LD_RUNPATH_SEARCH_PATHS = (
					"$(inherited)",
					"@executable_path/Frameworks",
				);
				MARKETING_VERSION = 1.0;
				PRODUCT_BUNDLE_IDENTIFIER = srmist.edu.in.HMS;
				PRODUCT_NAME = "$(TARGET_NAME)";
				SWIFT_EMIT_LOC_STRINGS = YES;
				SWIFT_VERSION = 5.0;
				TARGETED_DEVICE_FAMILY = "1,2";
			};
			name = Release;
		};
/* End XCBuildConfiguration section */

/* Begin XCConfigurationList section */
		413A15D82BD0F6330035CDAB /* Build configuration list for PBXProject "HMS" */ = {
			isa = XCConfigurationList;
			buildConfigurations = (
				413A15E92BD0F6340035CDAB /* Debug */,
				413A15EA2BD0F6340035CDAB /* Release */,
			);
			defaultConfigurationIsVisible = 0;
			defaultConfigurationName = Release;
		};
		413A15EB2BD0F6340035CDAB /* Build configuration list for PBXNativeTarget "HMS" */ = {
			isa = XCConfigurationList;
			buildConfigurations = (
				413A15EC2BD0F6340035CDAB /* Debug */,
				413A15ED2BD0F6340035CDAB /* Release */,
			);
			defaultConfigurationIsVisible = 0;
			defaultConfigurationName = Release;
		};
/* End XCConfigurationList section */

/* Begin XCRemoteSwiftPackageReference section */
		416C8E562BD7BCBE00309235 /* XCRemoteSwiftPackageReference "firebase-ios-sdk" */ = {
			isa = XCRemoteSwiftPackageReference;
			repositoryURL = "https://github.com/firebase/firebase-ios-sdk";
			requirement = {
				kind = upToNextMajorVersion;
				minimumVersion = 10.24.0;
			};
		};
/* End XCRemoteSwiftPackageReference section */

/* Begin XCSwiftPackageProductDependency section */
		416C8E572BD7BCF300309235 /* FirebaseAuth */ = {
			isa = XCSwiftPackageProductDependency;
			package = 416C8E562BD7BCBE00309235 /* XCRemoteSwiftPackageReference "firebase-ios-sdk" */;
			productName = FirebaseAuth;
		};
		416C8E592BD7BCF300309235 /* FirebaseFirestore */ = {
			isa = XCSwiftPackageProductDependency;
			package = 416C8E562BD7BCBE00309235 /* XCRemoteSwiftPackageReference "firebase-ios-sdk" */;
			productName = FirebaseFirestore;
		};
		416C8E5B2BD7BCF300309235 /* FirebaseStorage */ = {
			isa = XCSwiftPackageProductDependency;
			package = 416C8E562BD7BCBE00309235 /* XCRemoteSwiftPackageReference "firebase-ios-sdk" */;
			productName = FirebaseStorage;
		};
/* End XCSwiftPackageProductDependency section */
	};
	rootObject = 413A15D52BD0F6330035CDAB /* Project object */;
}
